
Microsoft Visual Studio Solution File, Format Version 12.00
# Visual Studio Version 17
VisualStudioVersion = 17.3.32804.467
MinimumVisualStudioVersion = 10.0.40219.1
Project("{9A19103F-16F7-4668-BE54-9A1E7A4F7556}") = "Itemis.SalesTaxes", "Itemis.SalesTaxes\Itemis.SalesTaxes.csproj", "{A67E8CF1-DAE9-405B-95F6-B5AB64B719C3}"
EndProject
Project("{2150E333-8FDC-42A3-9474-1A3956D46DE8}") = "Domain", "Domain", "{21AF9BE5-FBAE-41DE-A5D5-844F8BCD90AB}"
EndProject
Project("{9A19103F-16F7-4668-BE54-9A1E7A4F7556}") = "Itemis.SalesTaxes.Domain", "Itemis.SalesTaxes.Domain\Itemis.SalesTaxes.Domain.csproj", "{DEE9FFE1-4393-4AD0-B38A-AB651699B27B}"
EndProject
Project("{2150E333-8FDC-42A3-9474-1A3956D46DE8}") = "Processing", "Processing", "{1E37E340-21B2-41FA-9752-EB048CA40D71}"
EndProject
Project("{9A19103F-16F7-4668-BE54-9A1E7A4F7556}") = "Itemis.SalesTaxes.Abstraction", "Itemis.SalesTaxes.Abstraction\Itemis.SalesTaxes.Abstraction.csproj", "{949D4812-A61D-48D4-ABBE-41FFF69103A9}"
EndProject
Project("{9A19103F-16F7-4668-BE54-9A1E7A4F7556}") = "Itemis.SalesTaxes.Implementation", "Itemis.SalesTaxes.Implementation\Itemis.SalesTaxes.Implementation.csproj", "{6F7A3DBE-FD51-4D7C-84C6-8A5CDC93BE7E}"
EndProject
Project("{9A19103F-16F7-4668-BE54-9A1E7A4F7556}") = "Itemis.SalesTaxes.Processing", "Itemis.SalesTaxes.Processing\Itemis.SalesTaxes.Processing.csproj", "{25D9717A-FCDA-4D48-A74A-C37FACA214C1}"
EndProject
Project("{2150E333-8FDC-42A3-9474-1A3956D46DE8}") = "Tests", "Tests", "{66578DF1-F688-4FD4-BB62-2538A3AE7DB5}"
EndProject
Project("{2150E333-8FDC-42A3-9474-1A3956D46DE8}") = "Unit", "Unit", "{65923ED1-0850-498F-B873-96034A858868}"
EndProject
Project("{FAE04EC0-301F-11D3-BF4B-00C04F79EFBC}") = "Itemis.SalesTaxes.UnitTests", "Itemis.SalesTaxes.UnitTests\Itemis.SalesTaxes.UnitTests.csproj", "{194C7218-2829-4615-B1C4-0CB35AE1A308}"
EndProject
Global
	GlobalSection(SolutionConfigurationPlatforms) = preSolution
		Debug|Any CPU = Debug|Any CPU
		Release|Any CPU = Release|Any CPU
	EndGlobalSection
	GlobalSection(ProjectConfigurationPlatforms) = postSolution
		{A67E8CF1-DAE9-405B-95F6-B5AB64B719C3}.Debug|Any CPU.ActiveCfg = Debug|Any CPU
		{A67E8CF1-DAE9-405B-95F6-B5AB64B719C3}.Debug|Any CPU.Build.0 = Debug|Any CPU
		{A67E8CF1-DAE9-405B-95F6-B5AB64B719C3}.Release|Any CPU.ActiveCfg = Release|Any CPU
		{A67E8CF1-DAE9-405B-95F6-B5AB64B719C3}.Release|Any CPU.Build.0 = Release|Any CPU
		{DEE9FFE1-4393-4AD0-B38A-AB651699B27B}.Debug|Any CPU.ActiveCfg = Debug|Any CPU
		{DEE9FFE1-4393-4AD0-B38A-AB651699B27B}.Debug|Any CPU.Build.0 = Debug|Any CPU
		{DEE9FFE1-4393-4AD0-B38A-AB651699B27B}.Release|Any CPU.ActiveCfg = Release|Any CPU
		{DEE9FFE1-4393-4AD0-B38A-AB651699B27B}.Release|Any CPU.Build.0 = Release|Any CPU
		{949D4812-A61D-48D4-ABBE-41FFF69103A9}.Debug|Any CPU.ActiveCfg = Debug|Any CPU
		{949D4812-A61D-48D4-ABBE-41FFF69103A9}.Debug|Any CPU.Build.0 = Debug|Any CPU
		{949D4812-A61D-48D4-ABBE-41FFF69103A9}.Release|Any CPU.ActiveCfg = Release|Any CPU
		{949D4812-A61D-48D4-ABBE-41FFF69103A9}.Release|Any CPU.Build.0 = Release|Any CPU
		{6F7A3DBE-FD51-4D7C-84C6-8A5CDC93BE7E}.Debug|Any CPU.ActiveCfg = Debug|Any CPU
		{6F7A3DBE-FD51-4D7C-84C6-8A5CDC93BE7E}.Debug|Any CPU.Build.0 = Debug|Any CPU
		{6F7A3DBE-FD51-4D7C-84C6-8A5CDC93BE7E}.Release|Any CPU.ActiveCfg = Release|Any CPU
		{6F7A3DBE-FD51-4D7C-84C6-8A5CDC93BE7E}.Release|Any CPU.Build.0 = Release|Any CPU
		{25D9717A-FCDA-4D48-A74A-C37FACA214C1}.Debug|Any CPU.ActiveCfg = Debug|Any CPU
		{25D9717A-FCDA-4D48-A74A-C37FACA214C1}.Debug|Any CPU.Build.0 = Debug|Any CPU
		{25D9717A-FCDA-4D48-A74A-C37FACA214C1}.Release|Any CPU.ActiveCfg = Release|Any CPU
		{25D9717A-FCDA-4D48-A74A-C37FACA214C1}.Release|Any CPU.Build.0 = Release|Any CPU
		{194C7218-2829-4615-B1C4-0CB35AE1A308}.Debug|Any CPU.ActiveCfg = Debug|Any CPU
		{194C7218-2829-4615-B1C4-0CB35AE1A308}.Debug|Any CPU.Build.0 = Debug|Any CPU
		{194C7218-2829-4615-B1C4-0CB35AE1A308}.Release|Any CPU.ActiveCfg = Release|Any CPU
		{194C7218-2829-4615-B1C4-0CB35AE1A308}.Release|Any CPU.Build.0 = Release|Any CPU
	EndGlobalSection
	GlobalSection(SolutionProperties) = preSolution
		HideSolutionNode = FALSE
	EndGlobalSection
	GlobalSection(NestedProjects) = preSolution
		{DEE9FFE1-4393-4AD0-B38A-AB651699B27B} = {21AF9BE5-FBAE-41DE-A5D5-844F8BCD90AB}
		{949D4812-A61D-48D4-ABBE-41FFF69103A9} = {1E37E340-21B2-41FA-9752-EB048CA40D71}
		{6F7A3DBE-FD51-4D7C-84C6-8A5CDC93BE7E} = {1E37E340-21B2-41FA-9752-EB048CA40D71}
		{25D9717A-FCDA-4D48-A74A-C37FACA214C1} = {1E37E340-21B2-41FA-9752-EB048CA40D71}
		{65923ED1-0850-498F-B873-96034A858868} = {66578DF1-F688-4FD4-BB62-2538A3AE7DB5}
		{194C7218-2829-4615-B1C4-0CB35AE1A308} = {65923ED1-0850-498F-B873-96034A858868}
	EndGlobalSection
	GlobalSection(ExtensibilityGlobals) = postSolution
		SolutionGuid = {A75C0D24-C969-4D0D-9275-3501A311C53D}
	EndGlobalSection
EndGlobal
